
Microsoft Visual Studio Solution File, Format Version 12.00
# Visual Studio Version 17
VisualStudioVersion = 17.4.33213.308
MinimumVisualStudioVersion = 10.0.40219.1
Project("{FAE04EC0-301F-11D3-BF4B-00C04F79EFBC}") = "School Project v1", "School Project v1\School Project v1.csproj", "{B01792C7-2939-4CB5-82FC-863BB8ED293C}"
EndProject
Global
	GlobalSection(SolutionConfigurationPlatforms) = preSolution
		Debug|Any CPU = Debug|Any CPU
		Release|Any CPU = Release|Any CPU
	EndGlobalSection
	GlobalSection(ProjectConfigurationPlatforms) = postSolution
		{B01792C7-2939-4CB5-82FC-863BB8ED293C}.Debug|Any CPU.ActiveCfg = Debug|Any CPU
		{B01792C7-2939-4CB5-82FC-863BB8ED293C}.Debug|Any CPU.Build.0 = Debug|Any CPU
		{B01792C7-2939-4CB5-82FC-863BB8ED293C}.Release|Any CPU.ActiveCfg = Release|Any CPU
		{B01792C7-2939-4CB5-82FC-863BB8ED293C}.Release|Any CPU.Build.0 = Release|Any CPU
	EndGlobalSection
	GlobalSection(SolutionProperties) = preSolution
		HideSolutionNode = FALSE
	EndGlobalSection
	GlobalSection(ExtensibilityGlobals) = postSolution
		SolutionGuid = {F553C09B-A903-4951-9072-0E077E8F305D}
	EndGlobalSection
EndGlobal
